// !$*UTF8*$!
{
	archiveVersion = 1;
	classes = {
	};
	objectVersion = 48;
	objects = {

/* Begin PBXBuildFile section */
		2E38CE782171994E00757608 /* SwiftyCamViewController.swift in Sources */ = {isa = PBXBuildFile; fileRef = 2E38CE732171994E00757608 /* SwiftyCamViewController.swift */; };
		2E38CE792171994E00757608 /* SwiftyCamButton.swift in Sources */ = {isa = PBXBuildFile; fileRef = 2E38CE742171994E00757608 /* SwiftyCamButton.swift */; };
		2E38CE7A2171994E00757608 /* SwiftyCamViewControllerDelegate.swift in Sources */ = {isa = PBXBuildFile; fileRef = 2E38CE752171994E00757608 /* SwiftyCamViewControllerDelegate.swift */; };
		2E38CE7B2171994E00757608 /* Orientation.swift in Sources */ = {isa = PBXBuildFile; fileRef = 2E38CE762171994E00757608 /* Orientation.swift */; };
		2E38CE7C2171994E00757608 /* PreviewView.swift in Sources */ = {isa = PBXBuildFile; fileRef = 2E38CE772171994E00757608 /* PreviewView.swift */; };
		A1A429FD2168269E0056A5AC /* AppDelegate.swift in Sources */ = {isa = PBXBuildFile; fileRef = A1A429FC2168269E0056A5AC /* AppDelegate.swift */; };
		A1A429FF2168269E0056A5AC /* ViewController.swift in Sources */ = {isa = PBXBuildFile; fileRef = A1A429FE2168269E0056A5AC /* ViewController.swift */; };
		A1A42A022168269E0056A5AC /* Main.storyboard in Resources */ = {isa = PBXBuildFile; fileRef = A1A42A002168269E0056A5AC /* Main.storyboard */; };
		A1A42A052168269E0056A5AC /* DriverlessCar.xcdatamodeld in Sources */ = {isa = PBXBuildFile; fileRef = A1A42A032168269E0056A5AC /* DriverlessCar.xcdatamodeld */; };
		A1A42A072168269E0056A5AC /* Assets.xcassets in Resources */ = {isa = PBXBuildFile; fileRef = A1A42A062168269E0056A5AC /* Assets.xcassets */; };
		A1A42A0A2168269E0056A5AC /* LaunchScreen.storyboard in Resources */ = {isa = PBXBuildFile; fileRef = A1A42A082168269E0056A5AC /* LaunchScreen.storyboard */; };
/* End PBXBuildFile section */

/* Begin PBXFileReference section */
		2E38CE732171994E00757608 /* SwiftyCamViewController.swift */ = {isa = PBXFileReference; fileEncoding = 4; lastKnownFileType = sourcecode.swift; name = SwiftyCamViewController.swift; path = "../../../SwiftyCam-Swift4/Source/SwiftyCamViewController.swift"; sourceTree = "<group>"; };
		2E38CE742171994E00757608 /* SwiftyCamButton.swift */ = {isa = PBXFileReference; fileEncoding = 4; lastKnownFileType = sourcecode.swift; name = SwiftyCamButton.swift; path = "../../../SwiftyCam-Swift4/Source/SwiftyCamButton.swift"; sourceTree = "<group>"; };
		2E38CE752171994E00757608 /* SwiftyCamViewControllerDelegate.swift */ = {isa = PBXFileReference; fileEncoding = 4; lastKnownFileType = sourcecode.swift; name = SwiftyCamViewControllerDelegate.swift; path = "../../../SwiftyCam-Swift4/Source/SwiftyCamViewControllerDelegate.swift"; sourceTree = "<group>"; };
		2E38CE762171994E00757608 /* Orientation.swift */ = {isa = PBXFileReference; fileEncoding = 4; lastKnownFileType = sourcecode.swift; name = Orientation.swift; path = "../../../SwiftyCam-Swift4/Source/Orientation.swift"; sourceTree = "<group>"; };
		2E38CE772171994E00757608 /* PreviewView.swift */ = {isa = PBXFileReference; fileEncoding = 4; lastKnownFileType = sourcecode.swift; name = PreviewView.swift; path = "../../../SwiftyCam-Swift4/Source/PreviewView.swift"; sourceTree = "<group>"; };
		A1A429F92168269E0056A5AC /* DriverlessCar.app */ = {isa = PBXFileReference; explicitFileType = wrapper.application; includeInIndex = 0; path = DriverlessCar.app; sourceTree = BUILT_PRODUCTS_DIR; };
		A1A429FC2168269E0056A5AC /* AppDelegate.swift */ = {isa = PBXFileReference; lastKnownFileType = sourcecode.swift; path = AppDelegate.swift; sourceTree = "<group>"; };
		A1A429FE2168269E0056A5AC /* ViewController.swift */ = {isa = PBXFileReference; lastKnownFileType = sourcecode.swift; path = ViewController.swift; sourceTree = "<group>"; };
		A1A42A012168269E0056A5AC /* Base */ = {isa = PBXFileReference; lastKnownFileType = file.storyboard; name = Base; path = Base.lproj/Main.storyboard; sourceTree = "<group>"; };
		A1A42A042168269E0056A5AC /* DriverlessCar.xcdatamodel */ = {isa = PBXFileReference; lastKnownFileType = wrapper.xcdatamodel; path = DriverlessCar.xcdatamodel; sourceTree = "<group>"; };
		A1A42A062168269E0056A5AC /* Assets.xcassets */ = {isa = PBXFileReference; lastKnownFileType = folder.assetcatalog; path = Assets.xcassets; sourceTree = "<group>"; };
		A1A42A092168269E0056A5AC /* Base */ = {isa = PBXFileReference; lastKnownFileType = file.storyboard; name = Base; path = Base.lproj/LaunchScreen.storyboard; sourceTree = "<group>"; };
		A1A42A0B2168269E0056A5AC /* Info.plist */ = {isa = PBXFileReference; lastKnownFileType = text.plist.xml; path = Info.plist; sourceTree = "<group>"; };
/* End PBXFileReference section */

/* Begin PBXFrameworksBuildPhase section */
		A1A429F62168269E0056A5AC /* Frameworks */ = {
			isa = PBXFrameworksBuildPhase;
			buildActionMask = 2147483647;
			files = (
			);
			runOnlyForDeploymentPostprocessing = 0;
		};
/* End PBXFrameworksBuildPhase section */

/* Begin PBXGroup section */
		A1A429F02168269D0056A5AC = {
			isa = PBXGroup;
			children = (
				A1A429FB2168269E0056A5AC /* DriverlessCar */,
				A1A429FA2168269E0056A5AC /* Products */,
			);
			sourceTree = "<group>";
		};
		A1A429FA2168269E0056A5AC /* Products */ = {
			isa = PBXGroup;
			children = (
				A1A429F92168269E0056A5AC /* DriverlessCar.app */,
			);
			name = Products;
			sourceTree = "<group>";
		};
		A1A429FB2168269E0056A5AC /* DriverlessCar */ = {
			isa = PBXGroup;
			children = (
				A1A429FC2168269E0056A5AC /* AppDelegate.swift */,
				A1A429FE2168269E0056A5AC /* ViewController.swift */,
				A1A42A002168269E0056A5AC /* Main.storyboard */,
				2E38CE762171994E00757608 /* Orientation.swift */,
				2E38CE772171994E00757608 /* PreviewView.swift */,
				2E38CE742171994E00757608 /* SwiftyCamButton.swift */,
				2E38CE732171994E00757608 /* SwiftyCamViewController.swift */,
				2E38CE752171994E00757608 /* SwiftyCamViewControllerDelegate.swift */,
				A1A42A062168269E0056A5AC /* Assets.xcassets */,
				A1A42A082168269E0056A5AC /* LaunchScreen.storyboard */,
				A1A42A0B2168269E0056A5AC /* Info.plist */,
				A1A42A032168269E0056A5AC /* DriverlessCar.xcdatamodeld */,
			);
			path = DriverlessCar;
			sourceTree = "<group>";
		};
/* End PBXGroup section */

/* Begin PBXNativeTarget section */
		A1A429F82168269E0056A5AC /* DriverlessCar */ = {
			isa = PBXNativeTarget;
			buildConfigurationList = A1A42A0E2168269E0056A5AC /* Build configuration list for PBXNativeTarget "DriverlessCar" */;
			buildPhases = (
				A1A429F52168269E0056A5AC /* Sources */,
				A1A429F62168269E0056A5AC /* Frameworks */,
				A1A429F72168269E0056A5AC /* Resources */,
			);
			buildRules = (
			);
			dependencies = (
			);
			name = DriverlessCar;
			productName = DriverlessCar;
			productReference = A1A429F92168269E0056A5AC /* DriverlessCar.app */;
			productType = "com.apple.product-type.application";
		};
/* End PBXNativeTarget section */

/* Begin PBXProject section */
		A1A429F12168269E0056A5AC /* Project object */ = {
			isa = PBXProject;
			attributes = {
				LastSwiftUpdateCheck = 0920;
				LastUpgradeCheck = 0940;
				ORGANIZATIONNAME = "Emily Chin";
				TargetAttributes = {
					A1A429F82168269E0056A5AC = {
						CreatedOnToolsVersion = 9.2;
						ProvisioningStyle = Automatic;
					};
				};
			};
			buildConfigurationList = A1A429F42168269E0056A5AC /* Build configuration list for PBXProject "DriverlessCar" */;
			compatibilityVersion = "Xcode 8.0";
			developmentRegion = en;
			hasScannedForEncodings = 0;
			knownRegions = (
				en,
				Base,
			);
			mainGroup = A1A429F02168269D0056A5AC;
			productRefGroup = A1A429FA2168269E0056A5AC /* Products */;
			projectDirPath = "";
			projectRoot = "";
			targets = (
				A1A429F82168269E0056A5AC /* DriverlessCar */,
			);
		};
/* End PBXProject section */

/* Begin PBXResourcesBuildPhase section */
		A1A429F72168269E0056A5AC /* Resources */ = {
			isa = PBXResourcesBuildPhase;
			buildActionMask = 2147483647;
			files = (
				A1A42A0A2168269E0056A5AC /* LaunchScreen.storyboard in Resources */,
				A1A42A072168269E0056A5AC /* Assets.xcassets in Resources */,
				A1A42A022168269E0056A5AC /* Main.storyboard in Resources */,
			);
			runOnlyForDeploymentPostprocessing = 0;
		};
/* End PBXResourcesBuildPhase section */

/* Begin PBXSourcesBuildPhase section */
		A1A429F52168269E0056A5AC /* Sources */ = {
			isa = PBXSourcesBuildPhase;
			buildActionMask = 2147483647;
			files = (
				A1A42A052168269E0056A5AC /* DriverlessCar.xcdatamodeld in Sources */,
				2E38CE7C2171994E00757608 /* PreviewView.swift in Sources */,
				2E38CE7A2171994E00757608 /* SwiftyCamViewControllerDelegate.swift in Sources */,
				A1A429FF2168269E0056A5AC /* ViewController.swift in Sources */,
				2E38CE7B2171994E00757608 /* Orientation.swift in Sources */,
				2E38CE782171994E00757608 /* SwiftyCamViewController.swift in Sources */,
				2E38CE792171994E00757608 /* SwiftyCamButton.swift in Sources */,
				A1A429FD2168269E0056A5AC /* AppDelegate.swift in Sources */,
			);
			runOnlyForDeploymentPostprocessing = 0;
		};
/* End PBXSourcesBuildPhase section */

/* Begin PBXVariantGroup section */
		A1A42A002168269E0056A5AC /* Main.storyboard */ = {
			isa = PBXVariantGroup;
			children = (
				A1A42A012168269E0056A5AC /* Base */,
			);
			name = Main.storyboard;
			sourceTree = "<group>";
		};
		A1A42A082168269E0056A5AC /* LaunchScreen.storyboard */ = {
			isa = PBXVariantGroup;
			children = (
				A1A42A092168269E0056A5AC /* Base */,
			);
			name = LaunchScreen.storyboard;
			sourceTree = "<group>";
		};
/* End PBXVariantGroup section */

/* Begin XCBuildConfiguration section */
		A1A42A0C2168269E0056A5AC /* Debug */ = {
			isa = XCBuildConfiguration;
			buildSettings = {
				ALWAYS_SEARCH_USER_PATHS = NO;
				CLANG_ANALYZER_NONNULL = YES;
				CLANG_ANALYZER_NUMBER_OBJECT_CONVERSION = YES_AGGRESSIVE;
				CLANG_CXX_LANGUAGE_STANDARD = "gnu++14";
				CLANG_CXX_LIBRARY = "libc++";
				CLANG_ENABLE_MODULES = YES;
				CLANG_ENABLE_OBJC_ARC = YES;
				CLANG_WARN_BLOCK_CAPTURE_AUTORELEASING = YES;
				CLANG_WARN_BOOL_CONVERSION = YES;
				CLANG_WARN_COMMA = YES;
				CLANG_WARN_CONSTANT_CONVERSION = YES;
				CLANG_WARN_DEPRECATED_OBJC_IMPLEMENTATIONS = YES;
				CLANG_WARN_DIRECT_OBJC_ISA_USAGE = YES_ERROR;
				CLANG_WARN_DOCUMENTATION_COMMENTS = YES;
				CLANG_WARN_EMPTY_BODY = YES;
				CLANG_WARN_ENUM_CONVERSION = YES;
				CLANG_WARN_INFINITE_RECURSION = YES;
				CLANG_WARN_INT_CONVERSION = YES;
				CLANG_WARN_NON_LITERAL_NULL_CONVERSION = YES;
				CLANG_WARN_OBJC_IMPLICIT_RETAIN_SELF = YES;
				CLANG_WARN_OBJC_LITERAL_CONVERSION = YES;
				CLANG_WARN_OBJC_ROOT_CLASS = YES_ERROR;
				CLANG_WARN_RANGE_LOOP_ANALYSIS = YES;
				CLANG_WARN_STRICT_PROTOTYPES = YES;
				CLANG_WARN_SUSPICIOUS_MOVE = YES;
				CLANG_WARN_UNGUARDED_AVAILABILITY = YES_AGGRESSIVE;
				CLANG_WARN_UNREACHABLE_CODE = YES;
				CLANG_WARN__DUPLICATE_METHOD_MATCH = YES;
				CODE_SIGN_IDENTITY = "iPhone Developer";
				COPY_PHASE_STRIP = NO;
				DEBUG_INFORMATION_FORMAT = dwarf;
				ENABLE_STRICT_OBJC_MSGSEND = YES;
				ENABLE_TESTABILITY = YES;
				GCC_C_LANGUAGE_STANDARD = gnu11;
				GCC_DYNAMIC_NO_PIC = NO;
				GCC_NO_COMMON_BLOCKS = YES;
				GCC_OPTIMIZATION_LEVEL = 0;
				GCC_PREPROCESSOR_DEFINITIONS = (
					"DEBUG=1",
					"$(inherited)",
				);
				GCC_WARN_64_TO_32_BIT_CONVERSION = YES;
				GCC_WARN_ABOUT_RETURN_TYPE = YES_ERROR;
				GCC_WARN_UNDECLARED_SELECTOR = YES;
				GCC_WARN_UNINITIALIZED_AUTOS = YES_AGGRESSIVE;
				GCC_WARN_UNUSED_FUNCTION = YES;
				GCC_WARN_UNUSED_VARIABLE = YES;
				IPHONEOS_DEPLOYMENT_TARGET = 11.2;
				MTL_ENABLE_DEBUG_INFO = YES;
				ONLY_ACTIVE_ARCH = YES;
				SDKROOT = iphoneos;
				SWIFT_ACTIVE_COMPILATION_CONDITIONS = DEBUG;
				SWIFT_OPTIMIZATION_LEVEL = "-Onone";
			};
			name = Debug;
		};
		A1A42A0D2168269E0056A5AC /* Release */ = {
			isa = XCBuildConfiguration;
			buildSettings = {
				ALWAYS_SEARCH_USER_PATHS = NO;
				CLANG_ANALYZER_NONNULL = YES;
				CLANG_ANALYZER_NUMBER_OBJECT_CONVERSION = YES_AGGRESSIVE;
				CLANG_CXX_LANGUAGE_STANDARD = "gnu++14";
				CLANG_CXX_LIBRARY = "libc++";
				CLANG_ENABLE_MODULES = YES;
				CLANG_ENABLE_OBJC_ARC = YES;
				CLANG_WARN_BLOCK_CAPTURE_AUTORELEASING = YES;
				CLANG_WARN_BOOL_CONVERSION = YES;
				CLANG_WARN_COMMA = YES;
				CLANG_WARN_CONSTANT_CONVERSION = YES;
				CLANG_WARN_DEPRECATED_OBJC_IMPLEMENTATIONS = YES;
				CLANG_WARN_DIRECT_OBJC_ISA_USAGE = YES_ERROR;
				CLANG_WARN_DOCUMENTATION_COMMENTS = YES;
				CLANG_WARN_EMPTY_BODY = YES;
				CLANG_WARN_ENUM_CONVERSION = YES;
				CLANG_WARN_INFINITE_RECURSION = YES;
				CLANG_WARN_INT_CONVERSION = YES;
				CLANG_WARN_NON_LITERAL_NULL_CONVERSION = YES;
				CLANG_WARN_OBJC_IMPLICIT_RETAIN_SELF = YES;
				CLANG_WARN_OBJC_LITERAL_CONVERSION = YES;
				CLANG_WARN_OBJC_ROOT_CLASS = YES_ERROR;
				CLANG_WARN_RANGE_LOOP_ANALYSIS = YES;
				CLANG_WARN_STRICT_PROTOTYPES = YES;
				CLANG_WARN_SUSPICIOUS_MOVE = YES;
				CLANG_WARN_UNGUARDED_AVAILABILITY = YES_AGGRESSIVE;
				CLANG_WARN_UNREACHABLE_CODE = YES;
				CLANG_WARN__DUPLICATE_METHOD_MATCH = YES;
				CODE_SIGN_IDENTITY = "iPhone Developer";
				COPY_PHASE_STRIP = NO;
				DEBUG_INFORMATION_FORMAT = "dwarf-with-dsym";
				ENABLE_NS_ASSERTIONS = NO;
				ENABLE_STRICT_OBJC_MSGSEND = YES;
				GCC_C_LANGUAGE_STANDARD = gnu11;
				GCC_NO_COMMON_BLOCKS = YES;
				GCC_WARN_64_TO_32_BIT_CONVERSION = YES;
				GCC_WARN_ABOUT_RETURN_TYPE = YES_ERROR;
				GCC_WARN_UNDECLARED_SELECTOR = YES;
				GCC_WARN_UNINITIALIZED_AUTOS = YES_AGGRESSIVE;
				GCC_WARN_UNUSED_FUNCTION = YES;
				GCC_WARN_UNUSED_VARIABLE = YES;
				IPHONEOS_DEPLOYMENT_TARGET = 11.2;
				MTL_ENABLE_DEBUG_INFO = NO;
				SDKROOT = iphoneos;
				SWIFT_OPTIMIZATION_LEVEL = "-Owholemodule";
				VALIDATE_PRODUCT = YES;
			};
			name = Release;
		};
		A1A42A0F2168269E0056A5AC /* Debug */ = {
			isa = XCBuildConfiguration;
			buildSettings = {
				ASSETCATALOG_COMPILER_APPICON_NAME = AppIcon;
				CODE_SIGN_STYLE = Automatic;
				INFOPLIST_FILE = DriverlessCar/Info.plist;
				LD_RUNPATH_SEARCH_PATHS = "$(inherited) @executable_path/Frameworks";
				PRODUCT_BUNDLE_IDENTIFIER = com.emilychin.DriverlessCar;
				PRODUCT_NAME = "$(TARGET_NAME)";
				SWIFT_VERSION = 4.0;
				TARGETED_DEVICE_FAMILY = "1,2";
			};
			name = Debug;
		};
		A1A42A102168269E0056A5AC /* Release */ = {
			isa = XCBuildConfiguration;
			buildSettings = {
				ASSETCATALOG_COMPILER_APPICON_NAME = AppIcon;
				CODE_SIGN_STYLE = Automatic;
				INFOPLIST_FILE = DriverlessCar/Info.plist;
				LD_RUNPATH_SEARCH_PATHS = "$(inherited) @executable_path/Frameworks";
				PRODUCT_BUNDLE_IDENTIFIER = com.emilychin.DriverlessCar;
				PRODUCT_NAME = "$(TARGET_NAME)";
				SWIFT_VERSION = 4.0;
				TARGETED_DEVICE_FAMILY = "1,2";
			};
			name = Release;
		};
/* End XCBuildConfiguration section */

/* Begin XCConfigurationList section */
		A1A429F42168269E0056A5AC /* Build configuration list for PBXProject "DriverlessCar" */ = {
			isa = XCConfigurationList;
			buildConfigurations = (
				A1A42A0C2168269E0056A5AC /* Debug */,
				A1A42A0D2168269E0056A5AC /* Release */,
			);
			defaultConfigurationIsVisible = 0;
			defaultConfigurationName = Release;
		};
		A1A42A0E2168269E0056A5AC /* Build configuration list for PBXNativeTarget "DriverlessCar" */ = {
			isa = XCConfigurationList;
			buildConfigurations = (
				A1A42A0F2168269E0056A5AC /* Debug */,
				A1A42A102168269E0056A5AC /* Release */,
			);
			defaultConfigurationIsVisible = 0;
			defaultConfigurationName = Release;
		};
/* End XCConfigurationList section */

/* Begin XCVersionGroup section */
		A1A42A032168269E0056A5AC /* DriverlessCar.xcdatamodeld */ = {
			isa = XCVersionGroup;
			children = (
				A1A42A042168269E0056A5AC /* DriverlessCar.xcdatamodel */,
			);
			currentVersion = A1A42A042168269E0056A5AC /* DriverlessCar.xcdatamodel */;
			path = DriverlessCar.xcdatamodeld;
			sourceTree = "<group>";
			versionGroupType = wrapper.xcdatamodel;
		};
/* End XCVersionGroup section */
	};
	rootObject = A1A429F12168269E0056A5AC /* Project object */;
}
